
Microsoft Visual Studio Solution File, Format Version 12.00
# Visual Studio Version 16
VisualStudioVersion = 16.0.31702.278
MinimumVisualStudioVersion = 10.0.40219.1
Project("{FAE04EC0-301F-11D3-BF4B-00C04F79EFBC}") = "Delegate", "Delegate.csproj", "{0834D3EC-5FE0-48A8-954C-62A102EB6F34}"
EndProject
Global
	GlobalSection(SolutionConfigurationPlatforms) = preSolution
		Debug|Any CPU = Debug|Any CPU
		Release|Any CPU = Release|Any CPU
	EndGlobalSection
	GlobalSection(ProjectConfigurationPlatforms) = postSolution
		{0834D3EC-5FE0-48A8-954C-62A102EB6F34}.Debug|Any CPU.ActiveCfg = Debug|Any CPU
		{0834D3EC-5FE0-48A8-954C-62A102EB6F34}.Debug|Any CPU.Build.0 = Debug|Any CPU
		{0834D3EC-5FE0-48A8-954C-62A102EB6F34}.Release|Any CPU.ActiveCfg = Release|Any CPU
		{0834D3EC-5FE0-48A8-954C-62A102EB6F34}.Release|Any CPU.Build.0 = Release|Any CPU
	EndGlobalSection
	GlobalSection(SolutionProperties) = preSolution
		HideSolutionNode = FALSE
	EndGlobalSection
	GlobalSection(ExtensibilityGlobals) = postSolution
		SolutionGuid = {C51BE1A4-3DD5-4707-BA2D-335BCE554656}
	EndGlobalSection
EndGlobal
